// !$*UTF8*$!
{
	archiveVersion = 1;
	classes = {
	};
	objectVersion = 56;
	objects = {

/* Begin PBXBuildFile section */
		321B28972DD5EE1E0072E431 /* Main.storyboard in Resources */ = {isa = PBXBuildFile; fileRef = 321B28962DD5EE1D0072E431 /* Main.storyboard */; };
		321D9D8E2DC8B57100DB119A /* AppDelegate.swift in Sources */ = {isa = PBXBuildFile; fileRef = 321D9D8D2DC8B57100DB119A /* AppDelegate.swift */; };
		321D9D902DC8B57100DB119A /* SceneDelegate.swift in Sources */ = {isa = PBXBuildFile; fileRef = 321D9D8F2DC8B57100DB119A /* SceneDelegate.swift */; };
		321D9D982DC8B57100DB119A /* QuickSMS.xcdatamodeld in Sources */ = {isa = PBXBuildFile; fileRef = 321D9D962DC8B57100DB119A /* QuickSMS.xcdatamodeld */; };
		321D9D9A2DC8B57300DB119A /* Assets.xcassets in Resources */ = {isa = PBXBuildFile; fileRef = 321D9D992DC8B57300DB119A /* Assets.xcassets */; };
		321D9D9D2DC8B57300DB119A /* LaunchScreen.storyboard in Resources */ = {isa = PBXBuildFile; fileRef = 321D9D9B2DC8B57300DB119A /* LaunchScreen.storyboard */; };
		321D9DA52DC8B62400DB119A /* TemplateListViewController.swift in Sources */ = {isa = PBXBuildFile; fileRef = 321D9DA42DC8B62400DB119A /* TemplateListViewController.swift */; };
		321D9DA72DC8B63500DB119A /* CreateTemplateViewController.swift in Sources */ = {isa = PBXBuildFile; fileRef = 321D9DA62DC8B63500DB119A /* CreateTemplateViewController.swift */; };
		321D9DA92DC8B64200DB119A /* SendMessageViewController.swift in Sources */ = {isa = PBXBuildFile; fileRef = 321D9DA82DC8B64200DB119A /* SendMessageViewController.swift */; };
		321D9DAB2DC8B67700DB119A /* MessageTemplate.swift in Sources */ = {isa = PBXBuildFile; fileRef = 321D9DAA2DC8B67700DB119A /* MessageTemplate.swift */; };
		321D9DAD2DC8B74D00DB119A /* TemplateManager.swift in Sources */ = {isa = PBXBuildFile; fileRef = 321D9DAC2DC8B74D00DB119A /* TemplateManager.swift */; };
/* End PBXBuildFile section */

/* Begin PBXFileReference section */
		321B28962DD5EE1D0072E431 /* Main.storyboard */ = {isa = PBXFileReference; fileEncoding = 4; lastKnownFileType = file.storyboard; name = Main.storyboard; path = ../../../.Trash/Main.storyboard; sourceTree = "<group>"; };
		321D9D8A2DC8B57100DB119A /* QuickSMS.app */ = {isa = PBXFileReference; explicitFileType = wrapper.application; includeInIndex = 0; path = QuickSMS.app; sourceTree = BUILT_PRODUCTS_DIR; };
		321D9D8D2DC8B57100DB119A /* AppDelegate.swift */ = {isa = PBXFileReference; lastKnownFileType = sourcecode.swift; path = AppDelegate.swift; sourceTree = "<group>"; };
		321D9D8F2DC8B57100DB119A /* SceneDelegate.swift */ = {isa = PBXFileReference; lastKnownFileType = sourcecode.swift; path = SceneDelegate.swift; sourceTree = "<group>"; };
		321D9D972DC8B57100DB119A /* QuickSMS.xcdatamodel */ = {isa = PBXFileReference; lastKnownFileType = wrapper.xcdatamodel; path = QuickSMS.xcdatamodel; sourceTree = "<group>"; };
		321D9D992DC8B57300DB119A /* Assets.xcassets */ = {isa = PBXFileReference; lastKnownFileType = folder.assetcatalog; path = Assets.xcassets; sourceTree = "<group>"; };
		321D9D9C2DC8B57300DB119A /* Base */ = {isa = PBXFileReference; lastKnownFileType = file.storyboard; name = Base; path = Base.lproj/LaunchScreen.storyboard; sourceTree = "<group>"; };
		321D9D9E2DC8B57300DB119A /* Info.plist */ = {isa = PBXFileReference; lastKnownFileType = text.plist.xml; path = Info.plist; sourceTree = "<group>"; };
		321D9DA42DC8B62400DB119A /* TemplateListViewController.swift */ = {isa = PBXFileReference; lastKnownFileType = sourcecode.swift; path = TemplateListViewController.swift; sourceTree = "<group>"; };
		321D9DA62DC8B63500DB119A /* CreateTemplateViewController.swift */ = {isa = PBXFileReference; lastKnownFileType = sourcecode.swift; path = CreateTemplateViewController.swift; sourceTree = "<group>"; };
		321D9DA82DC8B64200DB119A /* SendMessageViewController.swift */ = {isa = PBXFileReference; lastKnownFileType = sourcecode.swift; path = SendMessageViewController.swift; sourceTree = "<group>"; };
		321D9DAA2DC8B67700DB119A /* MessageTemplate.swift */ = {isa = PBXFileReference; lastKnownFileType = sourcecode.swift; path = MessageTemplate.swift; sourceTree = "<group>"; };
		321D9DAC2DC8B74D00DB119A /* TemplateManager.swift */ = {isa = PBXFileReference; lastKnownFileType = sourcecode.swift; path = TemplateManager.swift; sourceTree = "<group>"; };
/* End PBXFileReference section */

/* Begin PBXFrameworksBuildPhase section */
		321D9D872DC8B57100DB119A /* Frameworks */ = {
			isa = PBXFrameworksBuildPhase;
			buildActionMask = 2147483647;
			files = (
			);
			runOnlyForDeploymentPostprocessing = 0;
		};
/* End PBXFrameworksBuildPhase section */

/* Begin PBXGroup section */
		321D9D812DC8B57100DB119A = {
			isa = PBXGroup;
			children = (
				321D9D8C2DC8B57100DB119A /* QuickSMS */,
				321D9D8B2DC8B57100DB119A /* Products */,
			);
			sourceTree = "<group>";
		};
		321D9D8B2DC8B57100DB119A /* Products */ = {
			isa = PBXGroup;
			children = (
				321D9D8A2DC8B57100DB119A /* QuickSMS.app */,
			);
			name = Products;
			sourceTree = "<group>";
		};
		321D9D8C2DC8B57100DB119A /* QuickSMS */ = {
			isa = PBXGroup;
			children = (
				321D9D8D2DC8B57100DB119A /* AppDelegate.swift */,
				321D9D8F2DC8B57100DB119A /* SceneDelegate.swift */,
				321B28962DD5EE1D0072E431 /* Main.storyboard */,
				321D9D992DC8B57300DB119A /* Assets.xcassets */,
				321D9D9B2DC8B57300DB119A /* LaunchScreen.storyboard */,
				321D9D9E2DC8B57300DB119A /* Info.plist */,
				321D9D962DC8B57100DB119A /* QuickSMS.xcdatamodeld */,
				321D9DA42DC8B62400DB119A /* TemplateListViewController.swift */,
				321D9DA62DC8B63500DB119A /* CreateTemplateViewController.swift */,
				321D9DA82DC8B64200DB119A /* SendMessageViewController.swift */,
				321D9DAA2DC8B67700DB119A /* MessageTemplate.swift */,
				321D9DAC2DC8B74D00DB119A /* TemplateManager.swift */,
			);
			path = QuickSMS;
			sourceTree = "<group>";
		};
/* End PBXGroup section */

/* Begin PBXNativeTarget section */
		321D9D892DC8B57100DB119A /* QuickSMS */ = {
			isa = PBXNativeTarget;
			buildConfigurationList = 321D9DA12DC8B57300DB119A /* Build configuration list for PBXNativeTarget "QuickSMS" */;
			buildPhases = (
				321D9D862DC8B57100DB119A /* Sources */,
				321D9D872DC8B57100DB119A /* Frameworks */,
				321D9D882DC8B57100DB119A /* Resources */,
			);
			buildRules = (
			);
			dependencies = (
			);
			name = QuickSMS;
			productName = QuickSMS;
			productReference = 321D9D8A2DC8B57100DB119A /* QuickSMS.app */;
			productType = "com.apple.product-type.application";
		};
/* End PBXNativeTarget section */

/* Begin PBXProject section */
		321D9D822DC8B57100DB119A /* Project object */ = {
			isa = PBXProject;
			attributes = {
				BuildIndependentTargetsInParallel = 1;
				LastSwiftUpdateCheck = 1420;
				LastUpgradeCheck = 1420;
				TargetAttributes = {
					321D9D892DC8B57100DB119A = {
						CreatedOnToolsVersion = 14.2;
					};
				};
			};
			buildConfigurationList = 321D9D852DC8B57100DB119A /* Build configuration list for PBXProject "QuickSMS" */;
			compatibilityVersion = "Xcode 14.0";
			developmentRegion = en;
			hasScannedForEncodings = 0;
			knownRegions = (
				en,
				Base,
			);
			mainGroup = 321D9D812DC8B57100DB119A;
			productRefGroup = 321D9D8B2DC8B57100DB119A /* Products */;
			projectDirPath = "";
			projectRoot = "";
			targets = (
				321D9D892DC8B57100DB119A /* QuickSMS */,
			);
		};
/* End PBXProject section */

/* Begin PBXResourcesBuildPhase section */
		321D9D882DC8B57100DB119A /* Resources */ = {
			isa = PBXResourcesBuildPhase;
			buildActionMask = 2147483647;
			files = (
				321B28972DD5EE1E0072E431 /* Main.storyboard in Resources */,
				321D9D9D2DC8B57300DB119A /* LaunchScreen.storyboard in Resources */,
				321D9D9A2DC8B57300DB119A /* Assets.xcassets in Resources */,
			);
			runOnlyForDeploymentPostprocessing = 0;
		};
/* End PBXResourcesBuildPhase section */

/* Begin PBXSourcesBuildPhase section */
		321D9D862DC8B57100DB119A /* Sources */ = {
			isa = PBXSourcesBuildPhase;
			buildActionMask = 2147483647;
			files = (
				321D9DA52DC8B62400DB119A /* TemplateListViewController.swift in Sources */,
				321D9DA72DC8B63500DB119A /* CreateTemplateViewController.swift in Sources */,
				321D9D982DC8B57100DB119A /* QuickSMS.xcdatamodeld in Sources */,
				321D9DAB2DC8B67700DB119A /* MessageTemplate.swift in Sources */,
				321D9D8E2DC8B57100DB119A /* AppDelegate.swift in Sources */,
				321D9DA92DC8B64200DB119A /* SendMessageViewController.swift in Sources */,
				321D9D902DC8B57100DB119A /* SceneDelegate.swift in Sources */,
				321D9DAD2DC8B74D00DB119A /* TemplateManager.swift in Sources */,
			);
			runOnlyForDeploymentPostprocessing = 0;
		};
/* End PBXSourcesBuildPhase section */

/* Begin PBXVariantGroup section */
		321D9D9B2DC8B57300DB119A /* LaunchScreen.storyboard */ = {
			isa = PBXVariantGroup;
			children = (
				321D9D9C2DC8B57300DB119A /* Base */,
			);
			name = LaunchScreen.storyboard;
			sourceTree = "<group>";
		};
/* End PBXVariantGroup section */

/* Begin XCBuildConfiguration section */
		321D9D9F2DC8B57300DB119A /* Debug */ = {
			isa = XCBuildConfiguration;
			buildSettings = {
				ALWAYS_SEARCH_USER_PATHS = NO;
				CLANG_ANALYZER_NONNULL = YES;
				CLANG_ANALYZER_NUMBER_OBJECT_CONVERSION = YES_AGGRESSIVE;
				CLANG_CXX_LANGUAGE_STANDARD = "gnu++20";
				CLANG_ENABLE_MODULES = YES;
				CLANG_ENABLE_OBJC_ARC = YES;
				CLANG_ENABLE_OBJC_WEAK = YES;
				CLANG_WARN_BLOCK_CAPTURE_AUTORELEASING = YES;
				CLANG_WARN_BOOL_CONVERSION = YES;
				CLANG_WARN_COMMA = YES;
				CLANG_WARN_CONSTANT_CONVERSION = YES;
				CLANG_WARN_DEPRECATED_OBJC_IMPLEMENTATIONS = YES;
				CLANG_WARN_DIRECT_OBJC_ISA_USAGE = YES_ERROR;
				CLANG_WARN_DOCUMENTATION_COMMENTS = YES;
				CLANG_WARN_EMPTY_BODY = YES;
				CLANG_WARN_ENUM_CONVERSION = YES;
				CLANG_WARN_INFINITE_RECURSION = YES;
				CLANG_WARN_INT_CONVERSION = YES;
				CLANG_WARN_NON_LITERAL_NULL_CONVERSION = YES;
				CLANG_WARN_OBJC_IMPLICIT_RETAIN_SELF = YES;
				CLANG_WARN_OBJC_LITERAL_CONVERSION = YES;
				CLANG_WARN_OBJC_ROOT_CLASS = YES_ERROR;
				CLANG_WARN_QUOTED_INCLUDE_IN_FRAMEWORK_HEADER = YES;
				CLANG_WARN_RANGE_LOOP_ANALYSIS = YES;
				CLANG_WARN_STRICT_PROTOTYPES = YES;
				CLANG_WARN_SUSPICIOUS_MOVE = YES;
				CLANG_WARN_UNGUARDED_AVAILABILITY = YES_AGGRESSIVE;
				CLANG_WARN_UNREACHABLE_CODE = YES;
				CLANG_WARN__DUPLICATE_METHOD_MATCH = YES;
				COPY_PHASE_STRIP = NO;
				DEBUG_INFORMATION_FORMAT = dwarf;
				ENABLE_STRICT_OBJC_MSGSEND = YES;
				ENABLE_TESTABILITY = YES;
				GCC_C_LANGUAGE_STANDARD = gnu11;
				GCC_DYNAMIC_NO_PIC = NO;
				GCC_NO_COMMON_BLOCKS = YES;
				GCC_OPTIMIZATION_LEVEL = 0;
				GCC_PREPROCESSOR_DEFINITIONS = (
					"DEBUG=1",
					"$(inherited)",
				);
				GCC_WARN_64_TO_32_BIT_CONVERSION = YES;
				GCC_WARN_ABOUT_RETURN_TYPE = YES_ERROR;
				GCC_WARN_UNDECLARED_SELECTOR = YES;
				GCC_WARN_UNINITIALIZED_AUTOS = YES_AGGRESSIVE;
				GCC_WARN_UNUSED_FUNCTION = YES;
				GCC_WARN_UNUSED_VARIABLE = YES;
				IPHONEOS_DEPLOYMENT_TARGET = 16.2;
				MTL_ENABLE_DEBUG_INFO = INCLUDE_SOURCE;
				MTL_FAST_MATH = YES;
				ONLY_ACTIVE_ARCH = YES;
				SDKROOT = iphoneos;
				SWIFT_ACTIVE_COMPILATION_CONDITIONS = DEBUG;
				SWIFT_OPTIMIZATION_LEVEL = "-Onone";
			};
			name = Debug;
		};
		321D9DA02DC8B57300DB119A /* Release */ = {
			isa = XCBuildConfiguration;
			buildSettings = {
				ALWAYS_SEARCH_USER_PATHS = NO;
				CLANG_ANALYZER_NONNULL = YES;
				CLANG_ANALYZER_NUMBER_OBJECT_CONVERSION = YES_AGGRESSIVE;
				CLANG_CXX_LANGUAGE_STANDARD = "gnu++20";
				CLANG_ENABLE_MODULES = YES;
				CLANG_ENABLE_OBJC_ARC = YES;
				CLANG_ENABLE_OBJC_WEAK = YES;
				CLANG_WARN_BLOCK_CAPTURE_AUTORELEASING = YES;
				CLANG_WARN_BOOL_CONVERSION = YES;
				CLANG_WARN_COMMA = YES;
				CLANG_WARN_CONSTANT_CONVERSION = YES;
				CLANG_WARN_DEPRECATED_OBJC_IMPLEMENTATIONS = YES;
				CLANG_WARN_DIRECT_OBJC_ISA_USAGE = YES_ERROR;
				CLANG_WARN_DOCUMENTATION_COMMENTS = YES;
				CLANG_WARN_EMPTY_BODY = YES;
				CLANG_WARN_ENUM_CONVERSION = YES;
				CLANG_WARN_INFINITE_RECURSION = YES;
				CLANG_WARN_INT_CONVERSION = YES;
				CLANG_WARN_NON_LITERAL_NULL_CONVERSION = YES;
				CLANG_WARN_OBJC_IMPLICIT_RETAIN_SELF = YES;
				CLANG_WARN_OBJC_LITERAL_CONVERSION = YES;
				CLANG_WARN_OBJC_ROOT_CLASS = YES_ERROR;
				CLANG_WARN_QUOTED_INCLUDE_IN_FRAMEWORK_HEADER = YES;
				CLANG_WARN_RANGE_LOOP_ANALYSIS = YES;
				CLANG_WARN_STRICT_PROTOTYPES = YES;
				CLANG_WARN_SUSPICIOUS_MOVE = YES;
				CLANG_WARN_UNGUARDED_AVAILABILITY = YES_AGGRESSIVE;
				CLANG_WARN_UNREACHABLE_CODE = YES;
				CLANG_WARN__DUPLICATE_METHOD_MATCH = YES;
				COPY_PHASE_STRIP = NO;
				DEBUG_INFORMATION_FORMAT = "dwarf-with-dsym";
				ENABLE_NS_ASSERTIONS = NO;
				ENABLE_STRICT_OBJC_MSGSEND = YES;
				GCC_C_LANGUAGE_STANDARD = gnu11;
				GCC_NO_COMMON_BLOCKS = YES;
				GCC_WARN_64_TO_32_BIT_CONVERSION = YES;
				GCC_WARN_ABOUT_RETURN_TYPE = YES_ERROR;
				GCC_WARN_UNDECLARED_SELECTOR = YES;
				GCC_WARN_UNINITIALIZED_AUTOS = YES_AGGRESSIVE;
				GCC_WARN_UNUSED_FUNCTION = YES;
				GCC_WARN_UNUSED_VARIABLE = YES;
				IPHONEOS_DEPLOYMENT_TARGET = 16.2;
				MTL_ENABLE_DEBUG_INFO = NO;
				MTL_FAST_MATH = YES;
				SDKROOT = iphoneos;
				SWIFT_COMPILATION_MODE = wholemodule;
				SWIFT_OPTIMIZATION_LEVEL = "-O";
				VALIDATE_PRODUCT = YES;
			};
			name = Release;
		};
		321D9DA22DC8B57300DB119A /* Debug */ = {
			isa = XCBuildConfiguration;
			buildSettings = {
				ASSETCATALOG_COMPILER_APPICON_NAME = AppIcon;
				ASSETCATALOG_COMPILER_GLOBAL_ACCENT_COLOR_NAME = AccentColor;
				CODE_SIGN_STYLE = Automatic;
				CURRENT_PROJECT_VERSION = 1;
				GENERATE_INFOPLIST_FILE = YES;
				INFOPLIST_FILE = QuickSMS/Info.plist;
				INFOPLIST_KEY_UIApplicationSupportsIndirectInputEvents = YES;
				INFOPLIST_KEY_UILaunchStoryboardName = LaunchScreen;
				INFOPLIST_KEY_UIMainStoryboardFile = Main;
				INFOPLIST_KEY_UISupportedInterfaceOrientations_iPad = "UIInterfaceOrientationPortrait UIInterfaceOrientationPortraitUpsideDown UIInterfaceOrientationLandscapeLeft UIInterfaceOrientationLandscapeRight";
				INFOPLIST_KEY_UISupportedInterfaceOrientations_iPhone = "UIInterfaceOrientationPortrait UIInterfaceOrientationLandscapeLeft UIInterfaceOrientationLandscapeRight";
				LD_RUNPATH_SEARCH_PATHS = (
					"$(inherited)",
					"@executable_path/Frameworks",
				);
				MARKETING_VERSION = 1.0;
				PRODUCT_BUNDLE_IDENTIFIER = com.curi.anil.QuickSMS;
				PRODUCT_NAME = "$(TARGET_NAME)";
				SWIFT_EMIT_LOC_STRINGS = YES;
				SWIFT_VERSION = 5.0;
				TARGETED_DEVICE_FAMILY = "1,2";
			};
			name = Debug;
		};
		321D9DA32DC8B57300DB119A /* Release */ = {
			isa = XCBuildConfiguration;
			buildSettings = {
				ASSETCATALOG_COMPILER_APPICON_NAME = AppIcon;
				ASSETCATALOG_COMPILER_GLOBAL_ACCENT_COLOR_NAME = AccentColor;
				CODE_SIGN_STYLE = Automatic;
				CURRENT_PROJECT_VERSION = 1;
				GENERATE_INFOPLIST_FILE = YES;
				INFOPLIST_FILE = QuickSMS/Info.plist;
				INFOPLIST_KEY_UIApplicationSupportsIndirectInputEvents = YES;
				INFOPLIST_KEY_UILaunchStoryboardName = LaunchScreen;
				INFOPLIST_KEY_UIMainStoryboardFile = Main;
				INFOPLIST_KEY_UISupportedInterfaceOrientations_iPad = "UIInterfaceOrientationPortrait UIInterfaceOrientationPortraitUpsideDown UIInterfaceOrientationLandscapeLeft UIInterfaceOrientationLandscapeRight";
				INFOPLIST_KEY_UISupportedInterfaceOrientations_iPhone = "UIInterfaceOrientationPortrait UIInterfaceOrientationLandscapeLeft UIInterfaceOrientationLandscapeRight";
				LD_RUNPATH_SEARCH_PATHS = (
					"$(inherited)",
					"@executable_path/Frameworks",
				);
				MARKETING_VERSION = 1.0;
				PRODUCT_BUNDLE_IDENTIFIER = com.curi.anil.QuickSMS;
				PRODUCT_NAME = "$(TARGET_NAME)";
				SWIFT_EMIT_LOC_STRINGS = YES;
				SWIFT_VERSION = 5.0;
				TARGETED_DEVICE_FAMILY = "1,2";
			};
			name = Release;
		};
/* End XCBuildConfiguration section */

/* Begin XCConfigurationList section */
		321D9D852DC8B57100DB119A /* Build configuration list for PBXProject "QuickSMS" */ = {
			isa = XCConfigurationList;
			buildConfigurations = (
				321D9D9F2DC8B57300DB119A /* Debug */,
				321D9DA02DC8B57300DB119A /* Release */,
			);
			defaultConfigurationIsVisible = 0;
			defaultConfigurationName = Release;
		};
		321D9DA12DC8B57300DB119A /* Build configuration list for PBXNativeTarget "QuickSMS" */ = {
			isa = XCConfigurationList;
			buildConfigurations = (
				321D9DA22DC8B57300DB119A /* Debug */,
				321D9DA32DC8B57300DB119A /* Release */,
			);
			defaultConfigurationIsVisible = 0;
			defaultConfigurationName = Release;
		};
/* End XCConfigurationList section */

/* Begin XCVersionGroup section */
		321D9D962DC8B57100DB119A /* QuickSMS.xcdatamodeld */ = {
			isa = XCVersionGroup;
			children = (
				321D9D972DC8B57100DB119A /* QuickSMS.xcdatamodel */,
			);
			currentVersion = 321D9D972DC8B57100DB119A /* QuickSMS.xcdatamodel */;
			path = QuickSMS.xcdatamodeld;
			sourceTree = "<group>";
			versionGroupType = wrapper.xcdatamodel;
		};
/* End XCVersionGroup section */
	};
	rootObject = 321D9D822DC8B57100DB119A /* Project object */;
}
